
Microsoft Visual Studio Solution File, Format Version 12.00
# Visual Studio Version 17
VisualStudioVersion = 17.2.32602.215
MinimumVisualStudioVersion = 10.0.40219.1
Project("{FAE04EC0-301F-11D3-BF4B-00C04F79EFBC}") = "YMAPP.Android", "YMAPP.Android\YMAPP.Android.csproj", "{5E6CD31F-77F8-4673-B0D6-1FF3DC3FD76D}"
EndProject
Project("{FAE04EC0-301F-11D3-BF4B-00C04F79EFBC}") = "YMAPP.iOS", "YMAPP.iOS\YMAPP.iOS.csproj", "{167881A7-A230-4E66-8317-470F0DE9741C}"
EndProject
Project("{FAE04EC0-301F-11D3-BF4B-00C04F79EFBC}") = "YMAPP", "YMAPP\YMAPP.csproj", "{9416A2EF-188A-406D-BCFE-29ED0079F343}"
EndProject
Global
	GlobalSection(SolutionConfigurationPlatforms) = preSolution
		Debug|Any CPU = Debug|Any CPU
		Debug|iPhone = Debug|iPhone
		Debug|iPhoneSimulator = Debug|iPhoneSimulator
		Release|Any CPU = Release|Any CPU
		Release|iPhone = Release|iPhone
		Release|iPhoneSimulator = Release|iPhoneSimulator
	EndGlobalSection
	GlobalSection(ProjectConfigurationPlatforms) = postSolution
		{5E6CD31F-77F8-4673-B0D6-1FF3DC3FD76D}.Debug|Any CPU.ActiveCfg = Debug|Any CPU
		{5E6CD31F-77F8-4673-B0D6-1FF3DC3FD76D}.Debug|Any CPU.Build.0 = Debug|Any CPU
		{5E6CD31F-77F8-4673-B0D6-1FF3DC3FD76D}.Debug|Any CPU.Deploy.0 = Debug|Any CPU
		{5E6CD31F-77F8-4673-B0D6-1FF3DC3FD76D}.Debug|iPhone.ActiveCfg = Debug|Any CPU
		{5E6CD31F-77F8-4673-B0D6-1FF3DC3FD76D}.Debug|iPhone.Build.0 = Debug|Any CPU
		{5E6CD31F-77F8-4673-B0D6-1FF3DC3FD76D}.Debug|iPhone.Deploy.0 = Debug|Any CPU
		{5E6CD31F-77F8-4673-B0D6-1FF3DC3FD76D}.Debug|iPhoneSimulator.ActiveCfg = Debug|Any CPU
		{5E6CD31F-77F8-4673-B0D6-1FF3DC3FD76D}.Debug|iPhoneSimulator.Build.0 = Debug|Any CPU
		{5E6CD31F-77F8-4673-B0D6-1FF3DC3FD76D}.Debug|iPhoneSimulator.Deploy.0 = Debug|Any CPU
		{5E6CD31F-77F8-4673-B0D6-1FF3DC3FD76D}.Release|Any CPU.ActiveCfg = Release|Any CPU
		{5E6CD31F-77F8-4673-B0D6-1FF3DC3FD76D}.Release|Any CPU.Build.0 = Release|Any CPU
		{5E6CD31F-77F8-4673-B0D6-1FF3DC3FD76D}.Release|Any CPU.Deploy.0 = Release|Any CPU
		{5E6CD31F-77F8-4673-B0D6-1FF3DC3FD76D}.Release|iPhone.ActiveCfg = Release|Any CPU
		{5E6CD31F-77F8-4673-B0D6-1FF3DC3FD76D}.Release|iPhone.Build.0 = Release|Any CPU
		{5E6CD31F-77F8-4673-B0D6-1FF3DC3FD76D}.Release|iPhone.Deploy.0 = Release|Any CPU
		{5E6CD31F-77F8-4673-B0D6-1FF3DC3FD76D}.Release|iPhoneSimulator.ActiveCfg = Release|Any CPU
		{5E6CD31F-77F8-4673-B0D6-1FF3DC3FD76D}.Release|iPhoneSimulator.Build.0 = Release|Any CPU
		{5E6CD31F-77F8-4673-B0D6-1FF3DC3FD76D}.Release|iPhoneSimulator.Deploy.0 = Release|Any CPU
		{167881A7-A230-4E66-8317-470F0DE9741C}.Debug|Any CPU.ActiveCfg = Debug|iPhone
		{167881A7-A230-4E66-8317-470F0DE9741C}.Debug|Any CPU.Build.0 = Debug|iPhone
		{167881A7-A230-4E66-8317-470F0DE9741C}.Debug|Any CPU.Deploy.0 = Debug|iPhone
		{167881A7-A230-4E66-8317-470F0DE9741C}.Debug|iPhone.ActiveCfg = Debug|iPhone
		{167881A7-A230-4E66-8317-470F0DE9741C}.Debug|iPhone.Build.0 = Debug|iPhone
		{167881A7-A230-4E66-8317-470F0DE9741C}.Debug|iPhone.Deploy.0 = Debug|iPhone
		{167881A7-A230-4E66-8317-470F0DE9741C}.Debug|iPhoneSimulator.ActiveCfg = Debug|iPhoneSimulator
		{167881A7-A230-4E66-8317-470F0DE9741C}.Debug|iPhoneSimulator.Build.0 = Debug|iPhoneSimulator
		{167881A7-A230-4E66-8317-470F0DE9741C}.Debug|iPhoneSimulator.Deploy.0 = Debug|iPhoneSimulator
		{167881A7-A230-4E66-8317-470F0DE9741C}.Release|Any CPU.ActiveCfg = Release|iPhoneSimulator
		{167881A7-A230-4E66-8317-470F0DE9741C}.Release|Any CPU.Build.0 = Release|iPhoneSimulator
		{167881A7-A230-4E66-8317-470F0DE9741C}.Release|Any CPU.Deploy.0 = Release|iPhoneSimulator
		{167881A7-A230-4E66-8317-470F0DE9741C}.Release|iPhone.ActiveCfg = Release|iPhone
		{167881A7-A230-4E66-8317-470F0DE9741C}.Release|iPhone.Build.0 = Release|iPhone
		{167881A7-A230-4E66-8317-470F0DE9741C}.Release|iPhone.Deploy.0 = Release|iPhone
		{167881A7-A230-4E66-8317-470F0DE9741C}.Release|iPhoneSimulator.ActiveCfg = Release|iPhoneSimulator
		{167881A7-A230-4E66-8317-470F0DE9741C}.Release|iPhoneSimulator.Build.0 = Release|iPhoneSimulator
		{167881A7-A230-4E66-8317-470F0DE9741C}.Release|iPhoneSimulator.Deploy.0 = Release|iPhoneSimulator
		{9416A2EF-188A-406D-BCFE-29ED0079F343}.Debug|Any CPU.ActiveCfg = Debug|Any CPU
		{9416A2EF-188A-406D-BCFE-29ED0079F343}.Debug|Any CPU.Build.0 = Debug|Any CPU
		{9416A2EF-188A-406D-BCFE-29ED0079F343}.Debug|Any CPU.Deploy.0 = Debug|Any CPU
		{9416A2EF-188A-406D-BCFE-29ED0079F343}.Debug|iPhone.ActiveCfg = Debug|Any CPU
		{9416A2EF-188A-406D-BCFE-29ED0079F343}.Debug|iPhone.Build.0 = Debug|Any CPU
		{9416A2EF-188A-406D-BCFE-29ED0079F343}.Debug|iPhone.Deploy.0 = Debug|Any CPU
		{9416A2EF-188A-406D-BCFE-29ED0079F343}.Debug|iPhoneSimulator.ActiveCfg = Debug|Any CPU
		{9416A2EF-188A-406D-BCFE-29ED0079F343}.Debug|iPhoneSimulator.Build.0 = Debug|Any CPU
		{9416A2EF-188A-406D-BCFE-29ED0079F343}.Debug|iPhoneSimulator.Deploy.0 = Debug|Any CPU
		{9416A2EF-188A-406D-BCFE-29ED0079F343}.Release|Any CPU.ActiveCfg = Release|Any CPU
		{9416A2EF-188A-406D-BCFE-29ED0079F343}.Release|Any CPU.Build.0 = Release|Any CPU
		{9416A2EF-188A-406D-BCFE-29ED0079F343}.Release|Any CPU.Deploy.0 = Release|Any CPU
		{9416A2EF-188A-406D-BCFE-29ED0079F343}.Release|iPhone.ActiveCfg = Release|Any CPU
		{9416A2EF-188A-406D-BCFE-29ED0079F343}.Release|iPhone.Build.0 = Release|Any CPU
		{9416A2EF-188A-406D-BCFE-29ED0079F343}.Release|iPhone.Deploy.0 = Release|Any CPU
		{9416A2EF-188A-406D-BCFE-29ED0079F343}.Release|iPhoneSimulator.ActiveCfg = Release|Any CPU
		{9416A2EF-188A-406D-BCFE-29ED0079F343}.Release|iPhoneSimulator.Build.0 = Release|Any CPU
		{9416A2EF-188A-406D-BCFE-29ED0079F343}.Release|iPhoneSimulator.Deploy.0 = Release|Any CPU
	EndGlobalSection
	GlobalSection(SolutionProperties) = preSolution
		HideSolutionNode = FALSE
	EndGlobalSection
	GlobalSection(ExtensibilityGlobals) = postSolution
		SolutionGuid = {59EE56B3-A872-4299-AA92-5042D0F72043}
	EndGlobalSection
EndGlobal
