
Microsoft Visual Studio Solution File, Format Version 12.00
# Visual Studio Version 17
VisualStudioVersion = 17.2.32602.215
MinimumVisualStudioVersion = 10.0.40219.1
Project("{FAE04EC0-301F-11D3-BF4B-00C04F79EFBC}") = "YMAPP.Android", "YMAPP.Android\YMAPP.Android.csproj", "{D9829F7F-26CD-4A13-803E-CFA67693B94E}"
EndProject
Project("{FAE04EC0-301F-11D3-BF4B-00C04F79EFBC}") = "YMAPP.iOS", "YMAPP.iOS\YMAPP.iOS.csproj", "{DFFCF775-0AC6-4EAD-98CA-F31FC46E6FCE}"
EndProject
Project("{FAE04EC0-301F-11D3-BF4B-00C04F79EFBC}") = "YMAPP", "YMAPP\YMAPP.csproj", "{E79F64E4-7570-4694-8544-12036297A6AC}"
EndProject
Global
	GlobalSection(SolutionConfigurationPlatforms) = preSolution
		Debug|Any CPU = Debug|Any CPU
		Debug|iPhone = Debug|iPhone
		Debug|iPhoneSimulator = Debug|iPhoneSimulator
		Release|Any CPU = Release|Any CPU
		Release|iPhone = Release|iPhone
		Release|iPhoneSimulator = Release|iPhoneSimulator
	EndGlobalSection
	GlobalSection(ProjectConfigurationPlatforms) = postSolution
		{D9829F7F-26CD-4A13-803E-CFA67693B94E}.Debug|Any CPU.ActiveCfg = Debug|Any CPU
		{D9829F7F-26CD-4A13-803E-CFA67693B94E}.Debug|Any CPU.Build.0 = Debug|Any CPU
		{D9829F7F-26CD-4A13-803E-CFA67693B94E}.Debug|Any CPU.Deploy.0 = Debug|Any CPU
		{D9829F7F-26CD-4A13-803E-CFA67693B94E}.Debug|iPhone.ActiveCfg = Debug|Any CPU
		{D9829F7F-26CD-4A13-803E-CFA67693B94E}.Debug|iPhone.Build.0 = Debug|Any CPU
		{D9829F7F-26CD-4A13-803E-CFA67693B94E}.Debug|iPhone.Deploy.0 = Debug|Any CPU
		{D9829F7F-26CD-4A13-803E-CFA67693B94E}.Debug|iPhoneSimulator.ActiveCfg = Debug|Any CPU
		{D9829F7F-26CD-4A13-803E-CFA67693B94E}.Debug|iPhoneSimulator.Build.0 = Debug|Any CPU
		{D9829F7F-26CD-4A13-803E-CFA67693B94E}.Debug|iPhoneSimulator.Deploy.0 = Debug|Any CPU
		{D9829F7F-26CD-4A13-803E-CFA67693B94E}.Release|Any CPU.ActiveCfg = Release|Any CPU
		{D9829F7F-26CD-4A13-803E-CFA67693B94E}.Release|Any CPU.Build.0 = Release|Any CPU
		{D9829F7F-26CD-4A13-803E-CFA67693B94E}.Release|Any CPU.Deploy.0 = Release|Any CPU
		{D9829F7F-26CD-4A13-803E-CFA67693B94E}.Release|iPhone.ActiveCfg = Release|Any CPU
		{D9829F7F-26CD-4A13-803E-CFA67693B94E}.Release|iPhone.Build.0 = Release|Any CPU
		{D9829F7F-26CD-4A13-803E-CFA67693B94E}.Release|iPhone.Deploy.0 = Release|Any CPU
		{D9829F7F-26CD-4A13-803E-CFA67693B94E}.Release|iPhoneSimulator.ActiveCfg = Release|Any CPU
		{D9829F7F-26CD-4A13-803E-CFA67693B94E}.Release|iPhoneSimulator.Build.0 = Release|Any CPU
		{D9829F7F-26CD-4A13-803E-CFA67693B94E}.Release|iPhoneSimulator.Deploy.0 = Release|Any CPU
		{DFFCF775-0AC6-4EAD-98CA-F31FC46E6FCE}.Debug|Any CPU.ActiveCfg = Debug|iPhone
		{DFFCF775-0AC6-4EAD-98CA-F31FC46E6FCE}.Debug|Any CPU.Build.0 = Debug|iPhone
		{DFFCF775-0AC6-4EAD-98CA-F31FC46E6FCE}.Debug|Any CPU.Deploy.0 = Debug|iPhone
		{DFFCF775-0AC6-4EAD-98CA-F31FC46E6FCE}.Debug|iPhone.ActiveCfg = Debug|iPhone
		{DFFCF775-0AC6-4EAD-98CA-F31FC46E6FCE}.Debug|iPhone.Build.0 = Debug|iPhone
		{DFFCF775-0AC6-4EAD-98CA-F31FC46E6FCE}.Debug|iPhone.Deploy.0 = Debug|iPhone
		{DFFCF775-0AC6-4EAD-98CA-F31FC46E6FCE}.Debug|iPhoneSimulator.ActiveCfg = Debug|iPhoneSimulator
		{DFFCF775-0AC6-4EAD-98CA-F31FC46E6FCE}.Debug|iPhoneSimulator.Build.0 = Debug|iPhoneSimulator
		{DFFCF775-0AC6-4EAD-98CA-F31FC46E6FCE}.Debug|iPhoneSimulator.Deploy.0 = Debug|iPhoneSimulator
		{DFFCF775-0AC6-4EAD-98CA-F31FC46E6FCE}.Release|Any CPU.ActiveCfg = Release|iPhoneSimulator
		{DFFCF775-0AC6-4EAD-98CA-F31FC46E6FCE}.Release|Any CPU.Build.0 = Release|iPhoneSimulator
		{DFFCF775-0AC6-4EAD-98CA-F31FC46E6FCE}.Release|Any CPU.Deploy.0 = Release|iPhoneSimulator
		{DFFCF775-0AC6-4EAD-98CA-F31FC46E6FCE}.Release|iPhone.ActiveCfg = Release|iPhone
		{DFFCF775-0AC6-4EAD-98CA-F31FC46E6FCE}.Release|iPhone.Build.0 = Release|iPhone
		{DFFCF775-0AC6-4EAD-98CA-F31FC46E6FCE}.Release|iPhone.Deploy.0 = Release|iPhone
		{DFFCF775-0AC6-4EAD-98CA-F31FC46E6FCE}.Release|iPhoneSimulator.ActiveCfg = Release|iPhoneSimulator
		{DFFCF775-0AC6-4EAD-98CA-F31FC46E6FCE}.Release|iPhoneSimulator.Build.0 = Release|iPhoneSimulator
		{DFFCF775-0AC6-4EAD-98CA-F31FC46E6FCE}.Release|iPhoneSimulator.Deploy.0 = Release|iPhoneSimulator
		{E79F64E4-7570-4694-8544-12036297A6AC}.Debug|Any CPU.ActiveCfg = Debug|Any CPU
		{E79F64E4-7570-4694-8544-12036297A6AC}.Debug|Any CPU.Build.0 = Debug|Any CPU
		{E79F64E4-7570-4694-8544-12036297A6AC}.Debug|Any CPU.Deploy.0 = Debug|Any CPU
		{E79F64E4-7570-4694-8544-12036297A6AC}.Debug|iPhone.ActiveCfg = Debug|Any CPU
		{E79F64E4-7570-4694-8544-12036297A6AC}.Debug|iPhone.Build.0 = Debug|Any CPU
		{E79F64E4-7570-4694-8544-12036297A6AC}.Debug|iPhone.Deploy.0 = Debug|Any CPU
		{E79F64E4-7570-4694-8544-12036297A6AC}.Debug|iPhoneSimulator.ActiveCfg = Debug|Any CPU
		{E79F64E4-7570-4694-8544-12036297A6AC}.Debug|iPhoneSimulator.Build.0 = Debug|Any CPU
		{E79F64E4-7570-4694-8544-12036297A6AC}.Debug|iPhoneSimulator.Deploy.0 = Debug|Any CPU
		{E79F64E4-7570-4694-8544-12036297A6AC}.Release|Any CPU.ActiveCfg = Release|Any CPU
		{E79F64E4-7570-4694-8544-12036297A6AC}.Release|Any CPU.Build.0 = Release|Any CPU
		{E79F64E4-7570-4694-8544-12036297A6AC}.Release|Any CPU.Deploy.0 = Release|Any CPU
		{E79F64E4-7570-4694-8544-12036297A6AC}.Release|iPhone.ActiveCfg = Release|Any CPU
		{E79F64E4-7570-4694-8544-12036297A6AC}.Release|iPhone.Build.0 = Release|Any CPU
		{E79F64E4-7570-4694-8544-12036297A6AC}.Release|iPhone.Deploy.0 = Release|Any CPU
		{E79F64E4-7570-4694-8544-12036297A6AC}.Release|iPhoneSimulator.ActiveCfg = Release|Any CPU
		{E79F64E4-7570-4694-8544-12036297A6AC}.Release|iPhoneSimulator.Build.0 = Release|Any CPU
		{E79F64E4-7570-4694-8544-12036297A6AC}.Release|iPhoneSimulator.Deploy.0 = Release|Any CPU
	EndGlobalSection
	GlobalSection(SolutionProperties) = preSolution
		HideSolutionNode = FALSE
	EndGlobalSection
	GlobalSection(ExtensibilityGlobals) = postSolution
		SolutionGuid = {212B473F-AD68-4AB4-B8EC-6AB785D41899}
	EndGlobalSection
EndGlobal
